
Microsoft Visual Studio Solution File, Format Version 12.00
# Visual Studio Version 16
VisualStudioVersion = 16.0.29905.134
MinimumVisualStudioVersion = 10.0.40219.1
Project("{FAE04EC0-301F-11D3-BF4B-00C04F79EFBC}") = "Basquete", "Basquete\Basquete.csproj", "{B6CE0B4C-3EA8-4F71-A6C0-A8C71CE71D20}"
EndProject
Global
	GlobalSection(SolutionConfigurationPlatforms) = preSolution
		Debug|Any CPU = Debug|Any CPU
		Release|Any CPU = Release|Any CPU
	EndGlobalSection
	GlobalSection(ProjectConfigurationPlatforms) = postSolution
		{B6CE0B4C-3EA8-4F71-A6C0-A8C71CE71D20}.Debug|Any CPU.ActiveCfg = Debug|Any CPU
		{B6CE0B4C-3EA8-4F71-A6C0-A8C71CE71D20}.Debug|Any CPU.Build.0 = Debug|Any CPU
		{B6CE0B4C-3EA8-4F71-A6C0-A8C71CE71D20}.Release|Any CPU.ActiveCfg = Release|Any CPU
		{B6CE0B4C-3EA8-4F71-A6C0-A8C71CE71D20}.Release|Any CPU.Build.0 = Release|Any CPU
	EndGlobalSection
	GlobalSection(SolutionProperties) = preSolution
		HideSolutionNode = FALSE
	EndGlobalSection
	GlobalSection(ExtensibilityGlobals) = postSolution
		SolutionGuid = {44DC880B-5D59-4296-896E-B5FFDB969478}
	EndGlobalSection
EndGlobal
